
Microsoft Visual Studio Solution File, Format Version 12.00
# Visual Studio Version 16
VisualStudioVersion = 16.0.29123.88
MinimumVisualStudioVersion = 10.0.40219.1
Project("{9A19103F-16F7-4668-BE54-9A1E7A4F7556}") = "Net.Proxy", "Net.Proxy\Net.Proxy.csproj", "{962A3D96-AF41-4B6D-93F3-1BCAC6FBE4DA}"
EndProject
Project("{FAE04EC0-301F-11D3-BF4B-00C04F79EFBC}") = "Net.Proxy.Test", "Net.Proxy.Test\Net.Proxy.Test.csproj", "{6BD07892-C449-48E0-B449-D7828F5D75C9}"
EndProject
Global
	GlobalSection(SolutionConfigurationPlatforms) = preSolution
		Debug|Any CPU = Debug|Any CPU
		Release|Any CPU = Release|Any CPU
	EndGlobalSection
	GlobalSection(ProjectConfigurationPlatforms) = postSolution
		{962A3D96-AF41-4B6D-93F3-1BCAC6FBE4DA}.Debug|Any CPU.ActiveCfg = Debug|Any CPU
		{962A3D96-AF41-4B6D-93F3-1BCAC6FBE4DA}.Debug|Any CPU.Build.0 = Debug|Any CPU
		{962A3D96-AF41-4B6D-93F3-1BCAC6FBE4DA}.Release|Any CPU.ActiveCfg = Release|Any CPU
		{962A3D96-AF41-4B6D-93F3-1BCAC6FBE4DA}.Release|Any CPU.Build.0 = Release|Any CPU
		{6BD07892-C449-48E0-B449-D7828F5D75C9}.Debug|Any CPU.ActiveCfg = Debug|Any CPU
		{6BD07892-C449-48E0-B449-D7828F5D75C9}.Debug|Any CPU.Build.0 = Debug|Any CPU
		{6BD07892-C449-48E0-B449-D7828F5D75C9}.Release|Any CPU.ActiveCfg = Release|Any CPU
		{6BD07892-C449-48E0-B449-D7828F5D75C9}.Release|Any CPU.Build.0 = Release|Any CPU
	EndGlobalSection
	GlobalSection(SolutionProperties) = preSolution
		HideSolutionNode = FALSE
	EndGlobalSection
	GlobalSection(ExtensibilityGlobals) = postSolution
		SolutionGuid = {D2EB33EF-C13D-435F-8812-C6574C398466}
	EndGlobalSection
EndGlobal
